
Microsoft Visual Studio Solution File, Format Version 12.00
# Visual Studio Version 16
VisualStudioVersion = 16.0.31624.102
MinimumVisualStudioVersion = 10.0.40219.1
Project("{9A19103F-16F7-4668-BE54-9A1E7A4F7556}") = "DofusRE", "src\DofusRE\DofusRE.csproj", "{EB6ECD46-3EB5-44D0-BB38-C48045BDB6DA}"
EndProject
Project("{9A19103F-16F7-4668-BE54-9A1E7A4F7556}") = "DofusRE.Tests", "src\DofusRE.Tests\DofusRE.Tests.csproj", "{45B39671-65DB-4A79-B2F9-C1E911D70BFF}"
EndProject
Global
	GlobalSection(SolutionConfigurationPlatforms) = preSolution
		Debug|Any CPU = Debug|Any CPU
		Release|Any CPU = Release|Any CPU
	EndGlobalSection
	GlobalSection(ProjectConfigurationPlatforms) = postSolution
		{EB6ECD46-3EB5-44D0-BB38-C48045BDB6DA}.Debug|Any CPU.ActiveCfg = Debug|Any CPU
		{EB6ECD46-3EB5-44D0-BB38-C48045BDB6DA}.Debug|Any CPU.Build.0 = Debug|Any CPU
		{EB6ECD46-3EB5-44D0-BB38-C48045BDB6DA}.Release|Any CPU.ActiveCfg = Release|Any CPU
		{EB6ECD46-3EB5-44D0-BB38-C48045BDB6DA}.Release|Any CPU.Build.0 = Release|Any CPU
		{45B39671-65DB-4A79-B2F9-C1E911D70BFF}.Debug|Any CPU.ActiveCfg = Debug|Any CPU
		{45B39671-65DB-4A79-B2F9-C1E911D70BFF}.Debug|Any CPU.Build.0 = Debug|Any CPU
		{45B39671-65DB-4A79-B2F9-C1E911D70BFF}.Release|Any CPU.ActiveCfg = Release|Any CPU
		{45B39671-65DB-4A79-B2F9-C1E911D70BFF}.Release|Any CPU.Build.0 = Release|Any CPU
	EndGlobalSection
	GlobalSection(SolutionProperties) = preSolution
		HideSolutionNode = FALSE
	EndGlobalSection
	GlobalSection(ExtensibilityGlobals) = postSolution
		SolutionGuid = {7677059B-28A5-4D91-ABF6-E073BF9CE3B7}
	EndGlobalSection
EndGlobal
