
Microsoft Visual Studio Solution File, Format Version 12.00
# Visual Studio Version 16
VisualStudioVersion = 16.0.31624.102
MinimumVisualStudioVersion = 10.0.40219.1
Project("{9A19103F-16F7-4668-BE54-9A1E7A4F7556}") = "DofusRE", "DofusRE\DofusRE.csproj", "{EBD0EE6C-4FCE-48C6-A97E-173B3FBBA344}"
EndProject
Project("{9A19103F-16F7-4668-BE54-9A1E7A4F7556}") = "DofusRE.Tests", "DofusRE.Tests\DofusRE.Tests.csproj", "{C58CCE4B-AAC6-42F1-B71E-C37346756A1C}"
EndProject
Project("{FAE04EC0-301F-11D3-BF4B-00C04F79EFBC}") = "GUI", "GUI\GUI.csproj", "{48D45E49-923F-4698-B212-2E8C564FC472}"
EndProject
Global
	GlobalSection(SolutionConfigurationPlatforms) = preSolution
		Debug|Any CPU = Debug|Any CPU
		Release|Any CPU = Release|Any CPU
	EndGlobalSection
	GlobalSection(ProjectConfigurationPlatforms) = postSolution
		{EBD0EE6C-4FCE-48C6-A97E-173B3FBBA344}.Debug|Any CPU.ActiveCfg = Debug|Any CPU
		{EBD0EE6C-4FCE-48C6-A97E-173B3FBBA344}.Debug|Any CPU.Build.0 = Debug|Any CPU
		{EBD0EE6C-4FCE-48C6-A97E-173B3FBBA344}.Release|Any CPU.ActiveCfg = Release|Any CPU
		{EBD0EE6C-4FCE-48C6-A97E-173B3FBBA344}.Release|Any CPU.Build.0 = Release|Any CPU
		{C58CCE4B-AAC6-42F1-B71E-C37346756A1C}.Debug|Any CPU.ActiveCfg = Debug|Any CPU
		{C58CCE4B-AAC6-42F1-B71E-C37346756A1C}.Debug|Any CPU.Build.0 = Debug|Any CPU
		{C58CCE4B-AAC6-42F1-B71E-C37346756A1C}.Release|Any CPU.ActiveCfg = Release|Any CPU
		{C58CCE4B-AAC6-42F1-B71E-C37346756A1C}.Release|Any CPU.Build.0 = Release|Any CPU
		{48D45E49-923F-4698-B212-2E8C564FC472}.Debug|Any CPU.ActiveCfg = Debug|Any CPU
		{48D45E49-923F-4698-B212-2E8C564FC472}.Debug|Any CPU.Build.0 = Debug|Any CPU
		{48D45E49-923F-4698-B212-2E8C564FC472}.Release|Any CPU.ActiveCfg = Release|Any CPU
		{48D45E49-923F-4698-B212-2E8C564FC472}.Release|Any CPU.Build.0 = Release|Any CPU
	EndGlobalSection
	GlobalSection(SolutionProperties) = preSolution
		HideSolutionNode = FALSE
	EndGlobalSection
	GlobalSection(ExtensibilityGlobals) = postSolution
		SolutionGuid = {7677059B-28A5-4D91-ABF6-E073BF9CE3B7}
	EndGlobalSection
EndGlobal
